<?xml version="1.0" encoding="UTF-8"?>
<Scheme
   LastUpgradeVersion = "1140"
   version = "1.3">
   <BuildAction
      parallelizeBuildables = "YES"
      buildImplicitDependencies = "NO">
      <BuildActionEntries>
         <BuildActionEntry
            buildForTesting = "YES"
            buildForRunning = "YES"
            buildForProfiling = "YES"
            buildForArchiving = "YES"
            buildForAnalyzing = "YES">
            <BuildableReference
               BuildableIdentifier = "primary"
               BlueprintIdentifier = "8BBF550F23297F3900C94709"
               BuildableName = "tnlcli"
               BlueprintName = "tnlcli"
               ReferencedContainer = "container:TwitterNetworkLayer.xcodeproj">
            </BuildableReference>
         </BuildActionEntry>
      </BuildActionEntries>
   </BuildAction>
   <TestAction
      buildConfiguration = "Debug"
      selectedDebuggerIdentifier = "Xcode.DebuggerFoundation.Debugger.LLDB"
      selectedLauncherIdentifier = "Xcode.DebuggerFoundation.Launcher.LLDB"
      shouldUseLaunchSchemeArgsEnv = "YES">
      <Testables>
      </Testables>
   </TestAction>
   <LaunchAction
      buildConfiguration = "Debug"
      selectedDebuggerIdentifier = "Xcode.DebuggerFoundation.Debugger.LLDB"
      selectedLauncherIdentifier = "Xcode.DebuggerFoundation.Launcher.LLDB"
      launchStyle = "0"
      useCustomWorkingDirectory = "NO"
      ignoresPersistentStateOnLaunch = "NO"
      debugDocumentVersioning = "YES"
      debugServiceExtension = "internal"
      allowLocationSimulation = "YES">
      <BuildableProductRunnable
         runnableDebuggingMode = "0">
         <BuildableReference
            BuildableIdentifier = "primary"
            BlueprintIdentifier = "8BBF550F23297F3900C94709"
            BuildableName = "tnlcli"
            BlueprintName = "tnlcli"
            ReferencedContainer = "container:TwitterNetworkLayer.xcodeproj">
         </BuildableReference>
      </BuildableProductRunnable>
      <CommandLineArguments>
         <CommandLineArgument
            argument = "--global-config idleTimeoutMode:face"
            isEnabled = "NO">
         </CommandLineArgument>
         <CommandLineArgument
            argument = "--global-config face:face"
            isEnabled = "NO">
         </CommandLineArgument>
         <CommandLineArgument
            argument = "--global-config idleTimeoutMode:300.00"
            isEnabled = "NO">
         </CommandLineArgument>
         <CommandLineArgument
            argument = "--global-config idleTimeoutMode:0"
            isEnabled = "NO">
         </CommandLineArgument>
         <CommandLineArgument
            argument = "--request-config idleTimeout:face"
            isEnabled = "NO">
         </CommandLineArgument>
         <CommandLineArgument
            argument = "--request-config idleTimeout:300"
            isEnabled = "NO">
         </CommandLineArgument>
         <CommandLineArgument
            argument = "--request-config &quot;executionMode: 8&quot;"
            isEnabled = "NO">
         </CommandLineArgument>
         <CommandLineArgument
            argument = "--request-config responseDataConsumptionMode:2"
            isEnabled = "NO">
         </CommandLineArgument>
         <CommandLineArgument
            argument = "--request-config connectivityOptions:5"
            isEnabled = "NO">
         </CommandLineArgument>
         <CommandLineArgument
            argument = "--request-config responseComputeHashAlgorithm:1932670262"
            isEnabled = "NO">
         </CommandLineArgument>
         <CommandLineArgument
            argument = "--request-config redirectPolicy:2"
            isEnabled = "NO">
         </CommandLineArgument>
         <CommandLineArgument
            argument = "--request-method GET"
            isEnabled = "NO">
         </CommandLineArgument>
         <CommandLineArgument
            argument = "--response-headers-mode print"
            isEnabled = "NO">
         </CommandLineArgument>
         <CommandLineArgument
            argument = "--response-body-mode print"
            isEnabled = "NO">
         </CommandLineArgument>
         <CommandLineArgument
            argument = "--verbose"
            isEnabled = "YES">
         </CommandLineArgument>
         <CommandLineArgument
            argument = "--version"
            isEnabled = "NO">
         </CommandLineArgument>
         <CommandLineArgument
            argument = "--request-header &quot;Name: Nolan O:Brien&quot;"
            isEnabled = "NO">
         </CommandLineArgument>
         <CommandLineArgument
            argument = "--request-header &quot;Color: green;blue&quot;"
            isEnabled = "NO">
         </CommandLineArgument>
         <CommandLineArgument
            argument = "--dump-cert-chain-directory &quot;~/Desktop/cert.dump&quot;"
            isEnabled = "NO">
         </CommandLineArgument>
         <CommandLineArgument
            argument = "https://google.com"
            isEnabled = "YES">
         </CommandLineArgument>
      </CommandLineArguments>
   </LaunchAction>
   <ProfileAction
      buildConfiguration = "Release"
      shouldUseLaunchSchemeArgsEnv = "YES"
      savedToolIdentifier = ""
      useCustomWorkingDirectory = "NO"
      debugDocumentVersioning = "YES">
      <BuildableProductRunnable
         runnableDebuggingMode = "0">
         <BuildableReference
            BuildableIdentifier = "primary"
            BlueprintIdentifier = "8BBF550F23297F3900C94709"
            BuildableName = "tnlcli"
            BlueprintName = "tnlcli"
            ReferencedContainer = "container:TwitterNetworkLayer.xcodeproj">
         </BuildableReference>
      </BuildableProductRunnable>
   </ProfileAction>
   <AnalyzeAction
      buildConfiguration = "Debug">
   </AnalyzeAction>
   <ArchiveAction
      buildConfiguration = "Release"
      revealArchiveInOrganizer = "YES">
   </ArchiveAction>
</Scheme>
